PODS:
  - AntifraudSDK (1.1.3)
  - Capacitor (7.0.0):
    - CapacitorCordova
  - CapacitorCordova (7.0.0)
  - GatekeeperSdkCapacitor (0.0.1):
    - AntifraudSDK
    - Capacitor

DEPENDENCIES:
  - AntifraudSDK (from `https://github.com/bespot/antifraud-sdk-ios-release`, tag `1.1.3`)
  - "Capacitor (from `../../node_modules/@capacitor/ios`)"
  - "CapacitorCordova (from `../../node_modules/@capacitor/ios`)"
  - GatekeeperSdkCapacitor (from `../../..`)

EXTERNAL SOURCES:
  AntifraudSDK:
    :git: https://github.com/bespot/antifraud-sdk-ios-release
    :tag: 1.1.3
  Capacitor:
    :path: "../../node_modules/@capacitor/ios"
  CapacitorCordova:
    :path: "../../node_modules/@capacitor/ios"
  GatekeeperSdkCapacitor:
    :path: "../../.."

CHECKOUT OPTIONS:
  AntifraudSDK:
    :git: https://github.com/bespot/antifraud-sdk-ios-release
    :tag: 1.1.3

SPEC CHECKSUMS:
  AntifraudSDK: 1d62f6f8aaf3117cc2c841c4063deff0e5eee663
  Capacitor: 82d1f3b4480d66b5996814f74500dcbc0908558c
  CapacitorCordova: 345f93b7edd121db98e4ec20ac94d6d7bcaf7e48
  GatekeeperSdkCapacitor: 68e3a6aa9f0ac008a805849b1dd17b71f03e0c21

PODFILE CHECKSUM: 36a7696536b81bb73cead4957501dfcf3568892f

COCOAPODS: 1.16.2
