{
  "pins" : [
    {
      "identity" : "antifraud-sdk-ios-release",
      "kind" : "remoteSourceControl",
      "location" : "https://github.com/bespot/antifraud-sdk-ios-release.git",
      "state" : {
        "revision" : "bc8ddab45da331fdca1cee49fb7727914c57793c",
        "version" : "1.2.0"
      }
    },
    {
      "identity" : "capacitor-swift-pm",
      "kind" : "remoteSourceControl",
      "location" : "https://github.com/ionic-team/capacitor-swift-pm.git",
      "state" : {
        "revision" : "41ee0b4d8613cce2adf761f3c2345a66d2ad758b",
        "version" : "7.6.8"
      }
    }
  ],
  "version" : 2
}
